
Microsoft Visual Studio Solution File, Format Version 12.00
# Visual Studio 15
VisualStudioVersion = 15.0.28010.2050
MinimumVisualStudioVersion = 10.0.40219.1
Project("{FAE04EC0-301F-11D3-BF4B-00C04F79EFBC}") = "RoofStockAssignment.BL", "RoofStockAssignment.BL\RoofStockAssignment.BL.csproj", "{471E2BAD-3D9E-4EA1-AD95-DACBDA8BBDDA}"
EndProject
Project("{FAE04EC0-301F-11D3-BF4B-00C04F79EFBC}") = "RoofStockAssignment.DAL", "RoofStockAssignment.DAL\RoofStockAssignment.DAL.csproj", "{1E5EA104-0C79-4552-AA53-7E9707966FD5}"
EndProject
Project("{FAE04EC0-301F-11D3-BF4B-00C04F79EFBC}") = "RoofStockAssignent.Domain", "RoofStockAssignent.Domain\RoofStockAssignent.Domain.csproj", "{BC61AE6D-DDD1-4FC7-8A5C-3D8A179F4CEB}"
EndProject
Project("{9A19103F-16F7-4668-BE54-9A1E7A4F7556}") = "RoofStockAssignment.Web", "RoofStockAssignment.Web\RoofStockAssignment.Web.csproj", "{2A3218DD-4871-48EB-9377-7421FE25EDDD}"
EndProject
Global
	GlobalSection(SolutionConfigurationPlatforms) = preSolution
		Debug|Any CPU = Debug|Any CPU
		Release|Any CPU = Release|Any CPU
	EndGlobalSection
	GlobalSection(ProjectConfigurationPlatforms) = postSolution
		{471E2BAD-3D9E-4EA1-AD95-DACBDA8BBDDA}.Debug|Any CPU.ActiveCfg = Debug|Any CPU
		{471E2BAD-3D9E-4EA1-AD95-DACBDA8BBDDA}.Debug|Any CPU.Build.0 = Debug|Any CPU
		{471E2BAD-3D9E-4EA1-AD95-DACBDA8BBDDA}.Release|Any CPU.ActiveCfg = Release|Any CPU
		{471E2BAD-3D9E-4EA1-AD95-DACBDA8BBDDA}.Release|Any CPU.Build.0 = Release|Any CPU
		{1E5EA104-0C79-4552-AA53-7E9707966FD5}.Debug|Any CPU.ActiveCfg = Debug|Any CPU
		{1E5EA104-0C79-4552-AA53-7E9707966FD5}.Debug|Any CPU.Build.0 = Debug|Any CPU
		{1E5EA104-0C79-4552-AA53-7E9707966FD5}.Release|Any CPU.ActiveCfg = Release|Any CPU
		{1E5EA104-0C79-4552-AA53-7E9707966FD5}.Release|Any CPU.Build.0 = Release|Any CPU
		{BC61AE6D-DDD1-4FC7-8A5C-3D8A179F4CEB}.Debug|Any CPU.ActiveCfg = Debug|Any CPU
		{BC61AE6D-DDD1-4FC7-8A5C-3D8A179F4CEB}.Debug|Any CPU.Build.0 = Debug|Any CPU
		{BC61AE6D-DDD1-4FC7-8A5C-3D8A179F4CEB}.Release|Any CPU.ActiveCfg = Release|Any CPU
		{BC61AE6D-DDD1-4FC7-8A5C-3D8A179F4CEB}.Release|Any CPU.Build.0 = Release|Any CPU
		{2A3218DD-4871-48EB-9377-7421FE25EDDD}.Debug|Any CPU.ActiveCfg = Debug|Any CPU
		{2A3218DD-4871-48EB-9377-7421FE25EDDD}.Debug|Any CPU.Build.0 = Debug|Any CPU
		{2A3218DD-4871-48EB-9377-7421FE25EDDD}.Release|Any CPU.ActiveCfg = Release|Any CPU
		{2A3218DD-4871-48EB-9377-7421FE25EDDD}.Release|Any CPU.Build.0 = Release|Any CPU
	EndGlobalSection
	GlobalSection(SolutionProperties) = preSolution
		HideSolutionNode = FALSE
	EndGlobalSection
	GlobalSection(ExtensibilityGlobals) = postSolution
		SolutionGuid = {FF8568FC-3C5C-4180-8B49-CFE2F2E6FCF4}
	EndGlobalSection
EndGlobal
